{
  "name": "sec03-cwe829-resolved-snapshot",
  "version": "1.0.0",
  "lockfileVersion": 3,
  "requires": true,
  "packages": {
    "": {
      "name": "sec03-cwe829-resolved-snapshot",
      "version": "1.0.0",
      "dependencies": {
        "lodash": "4.17.20"
      }
    },
    "node_modules/lodash": {
      "version": "4.17.20",
      "resolved": "https://registry.npmjs.org/lodash/-/lodash-4.17.20.tgz",
      "integrity": "sha512-Plhd9b6g0x6N3LT30ZAAOVu4rS6kNw8L98t8FDjO0vP12Fb47W5+zA6uk6/HjUL2D1D+JD9wP3G7AkM0n9M1KA=="
    }
  }
}
